
Microsoft Visual Studio Solution File, Format Version 12.00
# Visual Studio Version 16
VisualStudioVersion = 16.0.31624.102
MinimumVisualStudioVersion = 10.0.40219.1
Project("{8BC9CEB8-8B4A-11D0-8D11-00A0C91BC942}") = "01.TextGame", "TextGame\TextGame.vcxproj", "{6327DB3C-89F6-4F6A-AFF9-67C936AF2D27}"
EndProject
Project("{2150E333-8FDC-42A3-9474-1A3956D46DE8}") = "3rd-party", "3rd-party", "{3E03C507-908F-4DED-B769-4FF1CFFCC7DD}"
EndProject
Project("{8BC9CEB8-8B4A-11D0-8D11-00A0C91BC942}") = "SOIL", "3rd-party\SOIL\projects\VC9\SOIL.vcxproj", "{C32FB2B4-500C-43CD-A099-EECCE079D3F1}"
EndProject
Project("{8BC9CEB8-8B4A-11D0-8D11-00A0C91BC942}") = "freeglut3", "3rd-party\freeglut3\freeglut3.vcxproj", "{5A98782E-7027-46F9-91E1-E1EDE1E14BF4}"
EndProject
Project("{8BC9CEB8-8B4A-11D0-8D11-00A0C91BC942}") = "02.OpenGL-2D", "OpenGL-2D\OpenGL-2D.vcxproj", "{A1629DD3-6274-42FD-8F6D-75918D1BB1EC}"
EndProject
Project("{8BC9CEB8-8B4A-11D0-8D11-00A0C91BC942}") = "tinyxml2", "3rd-party\tinyxml2\tinyxml2.vcxproj", "{D1C528B6-AA02-4D29-9D61-DC08E317A70D}"
EndProject
Project("{8BC9CEB8-8B4A-11D0-8D11-00A0C91BC942}") = "SoundManager-Lib", "3rd-party\SoundManager\SoundManager.vcxproj", "{A57F9D62-1D00-4D1C-A5C3-BB3710EDD95B}"
EndProject
Project("{8BC9CEB8-8B4A-11D0-8D11-00A0C91BC942}") = "OpenAL", "3rd-party\OpenALSoft\OpenAL-Lib\OpenAL-Lib.vcxproj", "{BEA9AFE4-C925-4E0E-B50D-1F0E45B43D08}"
EndProject
Project("{8BC9CEB8-8B4A-11D0-8D11-00A0C91BC942}") = "common", "3rd-party\OpenALSoft\OpenAL-Lib\common.vcxproj", "{58542A51-BAF7-388C-931A-E80AB0E672B7}"
EndProject
Project("{8BC9CEB8-8B4A-11D0-8D11-00A0C91BC942}") = "glew2", "3rd-party\glew-2.0.0\glew-2.0.0.vcxproj", "{C474717F-F37A-4201-AE32-871219C77803}"
EndProject
Project("{8BC9CEB8-8B4A-11D0-8D11-00A0C91BC942}") = "UnitTest1", "UnitTest1\UnitTest1.vcxproj", "{4785A5DA-2D67-4039-9EDA-9E55A6309157}"
EndProject
Project("{8BC9CEB8-8B4A-11D0-8D11-00A0C91BC942}") = "GameStaticLib", "GameStaticLib\GameStaticLib.vcxproj", "{16597822-E855-4A6C-A007-732174B26832}"
EndProject
Global
	GlobalSection(SolutionConfigurationPlatforms) = preSolution
		Debug|x64 = Debug|x64
		Debug|x86 = Debug|x86
		Release|x64 = Release|x64
		Release|x86 = Release|x86
	EndGlobalSection
	GlobalSection(ProjectConfigurationPlatforms) = postSolution
		{6327DB3C-89F6-4F6A-AFF9-67C936AF2D27}.Debug|x64.ActiveCfg = Debug|x64
		{6327DB3C-89F6-4F6A-AFF9-67C936AF2D27}.Debug|x64.Build.0 = Debug|x64
		{6327DB3C-89F6-4F6A-AFF9-67C936AF2D27}.Debug|x86.ActiveCfg = Debug|Win32
		{6327DB3C-89F6-4F6A-AFF9-67C936AF2D27}.Debug|x86.Build.0 = Debug|Win32
		{6327DB3C-89F6-4F6A-AFF9-67C936AF2D27}.Release|x64.ActiveCfg = Release|x64
		{6327DB3C-89F6-4F6A-AFF9-67C936AF2D27}.Release|x64.Build.0 = Release|x64
		{6327DB3C-89F6-4F6A-AFF9-67C936AF2D27}.Release|x86.ActiveCfg = Release|Win32
		{6327DB3C-89F6-4F6A-AFF9-67C936AF2D27}.Release|x86.Build.0 = Release|Win32
		{C32FB2B4-500C-43CD-A099-EECCE079D3F1}.Debug|x64.ActiveCfg = Debug|x64
		{C32FB2B4-500C-43CD-A099-EECCE079D3F1}.Debug|x64.Build.0 = Debug|x64
		{C32FB2B4-500C-43CD-A099-EECCE079D3F1}.Debug|x86.ActiveCfg = Debug|Win32
		{C32FB2B4-500C-43CD-A099-EECCE079D3F1}.Debug|x86.Build.0 = Debug|Win32
		{C32FB2B4-500C-43CD-A099-EECCE079D3F1}.Release|x64.ActiveCfg = Release|x64
		{C32FB2B4-500C-43CD-A099-EECCE079D3F1}.Release|x64.Build.0 = Release|x64
		{C32FB2B4-500C-43CD-A099-EECCE079D3F1}.Release|x86.ActiveCfg = Release|Win32
		{C32FB2B4-500C-43CD-A099-EECCE079D3F1}.Release|x86.Build.0 = Release|Win32
		{5A98782E-7027-46F9-91E1-E1EDE1E14BF4}.Debug|x64.ActiveCfg = Debug|x64
		{5A98782E-7027-46F9-91E1-E1EDE1E14BF4}.Debug|x64.Build.0 = Debug|x64
		{5A98782E-7027-46F9-91E1-E1EDE1E14BF4}.Debug|x86.ActiveCfg = Debug|Win32
		{5A98782E-7027-46F9-91E1-E1EDE1E14BF4}.Debug|x86.Build.0 = Debug|Win32
		{5A98782E-7027-46F9-91E1-E1EDE1E14BF4}.Release|x64.ActiveCfg = Release|x64
		{5A98782E-7027-46F9-91E1-E1EDE1E14BF4}.Release|x64.Build.0 = Release|x64
		{5A98782E-7027-46F9-91E1-E1EDE1E14BF4}.Release|x86.ActiveCfg = Release|Win32
		{5A98782E-7027-46F9-91E1-E1EDE1E14BF4}.Release|x86.Build.0 = Release|Win32
		{A1629DD3-6274-42FD-8F6D-75918D1BB1EC}.Debug|x64.ActiveCfg = Debug|x64
		{A1629DD3-6274-42FD-8F6D-75918D1BB1EC}.Debug|x64.Build.0 = Debug|x64
		{A1629DD3-6274-42FD-8F6D-75918D1BB1EC}.Debug|x64.Deploy.0 = Debug|x64
		{A1629DD3-6274-42FD-8F6D-75918D1BB1EC}.Debug|x86.ActiveCfg = Debug|x64
		{A1629DD3-6274-42FD-8F6D-75918D1BB1EC}.Release|x64.ActiveCfg = Release|x64
		{A1629DD3-6274-42FD-8F6D-75918D1BB1EC}.Release|x64.Build.0 = Release|x64
		{A1629DD3-6274-42FD-8F6D-75918D1BB1EC}.Release|x64.Deploy.0 = Release|x64
		{A1629DD3-6274-42FD-8F6D-75918D1BB1EC}.Release|x86.ActiveCfg = Release|x64
		{D1C528B6-AA02-4D29-9D61-DC08E317A70D}.Debug|x64.ActiveCfg = Debug|x64
		{D1C528B6-AA02-4D29-9D61-DC08E317A70D}.Debug|x64.Build.0 = Debug|x64
		{D1C528B6-AA02-4D29-9D61-DC08E317A70D}.Debug|x86.ActiveCfg = Debug|Win32
		{D1C528B6-AA02-4D29-9D61-DC08E317A70D}.Debug|x86.Build.0 = Debug|Win32
		{D1C528B6-AA02-4D29-9D61-DC08E317A70D}.Release|x64.ActiveCfg = Release|x64
		{D1C528B6-AA02-4D29-9D61-DC08E317A70D}.Release|x64.Build.0 = Release|x64
		{D1C528B6-AA02-4D29-9D61-DC08E317A70D}.Release|x86.ActiveCfg = Release|Win32
		{D1C528B6-AA02-4D29-9D61-DC08E317A70D}.Release|x86.Build.0 = Release|Win32
		{A57F9D62-1D00-4D1C-A5C3-BB3710EDD95B}.Debug|x64.ActiveCfg = Debug|x64
		{A57F9D62-1D00-4D1C-A5C3-BB3710EDD95B}.Debug|x64.Build.0 = Debug|x64
		{A57F9D62-1D00-4D1C-A5C3-BB3710EDD95B}.Debug|x86.ActiveCfg = Debug|Win32
		{A57F9D62-1D00-4D1C-A5C3-BB3710EDD95B}.Debug|x86.Build.0 = Debug|Win32
		{A57F9D62-1D00-4D1C-A5C3-BB3710EDD95B}.Release|x64.ActiveCfg = Release|x64
		{A57F9D62-1D00-4D1C-A5C3-BB3710EDD95B}.Release|x64.Build.0 = Release|x64
		{A57F9D62-1D00-4D1C-A5C3-BB3710EDD95B}.Release|x86.ActiveCfg = Release|Win32
		{A57F9D62-1D00-4D1C-A5C3-BB3710EDD95B}.Release|x86.Build.0 = Release|Win32
		{BEA9AFE4-C925-4E0E-B50D-1F0E45B43D08}.Debug|x64.ActiveCfg = Debug|x64
		{BEA9AFE4-C925-4E0E-B50D-1F0E45B43D08}.Debug|x64.Build.0 = Debug|x64
		{BEA9AFE4-C925-4E0E-B50D-1F0E45B43D08}.Debug|x86.ActiveCfg = Debug|Win32
		{BEA9AFE4-C925-4E0E-B50D-1F0E45B43D08}.Debug|x86.Build.0 = Debug|Win32
		{BEA9AFE4-C925-4E0E-B50D-1F0E45B43D08}.Release|x64.ActiveCfg = Release|x64
		{BEA9AFE4-C925-4E0E-B50D-1F0E45B43D08}.Release|x64.Build.0 = Release|x64
		{BEA9AFE4-C925-4E0E-B50D-1F0E45B43D08}.Release|x86.ActiveCfg = Release|Win32
		{BEA9AFE4-C925-4E0E-B50D-1F0E45B43D08}.Release|x86.Build.0 = Release|Win32
		{58542A51-BAF7-388C-931A-E80AB0E672B7}.Debug|x64.ActiveCfg = Debug|x64
		{58542A51-BAF7-388C-931A-E80AB0E672B7}.Debug|x64.Build.0 = Debug|x64
		{58542A51-BAF7-388C-931A-E80AB0E672B7}.Debug|x86.ActiveCfg = Debug|Win32
		{58542A51-BAF7-388C-931A-E80AB0E672B7}.Debug|x86.Build.0 = Debug|Win32
		{58542A51-BAF7-388C-931A-E80AB0E672B7}.Release|x64.ActiveCfg = Release|x64
		{58542A51-BAF7-388C-931A-E80AB0E672B7}.Release|x64.Build.0 = Release|x64
		{58542A51-BAF7-388C-931A-E80AB0E672B7}.Release|x86.ActiveCfg = Release|Win32
		{58542A51-BAF7-388C-931A-E80AB0E672B7}.Release|x86.Build.0 = Release|Win32
		{C474717F-F37A-4201-AE32-871219C77803}.Debug|x64.ActiveCfg = Debug|x64
		{C474717F-F37A-4201-AE32-871219C77803}.Debug|x64.Build.0 = Debug|x64
		{C474717F-F37A-4201-AE32-871219C77803}.Debug|x86.ActiveCfg = Debug|Win32
		{C474717F-F37A-4201-AE32-871219C77803}.Debug|x86.Build.0 = Debug|Win32
		{C474717F-F37A-4201-AE32-871219C77803}.Release|x64.ActiveCfg = Release|x64
		{C474717F-F37A-4201-AE32-871219C77803}.Release|x64.Build.0 = Release|x64
		{C474717F-F37A-4201-AE32-871219C77803}.Release|x86.ActiveCfg = Release|Win32
		{C474717F-F37A-4201-AE32-871219C77803}.Release|x86.Build.0 = Release|Win32
		{4785A5DA-2D67-4039-9EDA-9E55A6309157}.Debug|x64.ActiveCfg = Debug|x64
		{4785A5DA-2D67-4039-9EDA-9E55A6309157}.Debug|x64.Build.0 = Debug|x64
		{4785A5DA-2D67-4039-9EDA-9E55A6309157}.Debug|x86.ActiveCfg = Debug|Win32
		{4785A5DA-2D67-4039-9EDA-9E55A6309157}.Debug|x86.Build.0 = Debug|Win32
		{4785A5DA-2D67-4039-9EDA-9E55A6309157}.Release|x64.ActiveCfg = Release|x64
		{4785A5DA-2D67-4039-9EDA-9E55A6309157}.Release|x64.Build.0 = Release|x64
		{4785A5DA-2D67-4039-9EDA-9E55A6309157}.Release|x86.ActiveCfg = Release|Win32
		{4785A5DA-2D67-4039-9EDA-9E55A6309157}.Release|x86.Build.0 = Release|Win32
		{16597822-E855-4A6C-A007-732174B26832}.Debug|x64.ActiveCfg = Debug|x64
		{16597822-E855-4A6C-A007-732174B26832}.Debug|x64.Build.0 = Debug|x64
		{16597822-E855-4A6C-A007-732174B26832}.Debug|x86.ActiveCfg = Debug|Win32
		{16597822-E855-4A6C-A007-732174B26832}.Debug|x86.Build.0 = Debug|Win32
		{16597822-E855-4A6C-A007-732174B26832}.Release|x64.ActiveCfg = Release|x64
		{16597822-E855-4A6C-A007-732174B26832}.Release|x64.Build.0 = Release|x64
		{16597822-E855-4A6C-A007-732174B26832}.Release|x86.ActiveCfg = Release|Win32
		{16597822-E855-4A6C-A007-732174B26832}.Release|x86.Build.0 = Release|Win32
	EndGlobalSection
	GlobalSection(SolutionProperties) = preSolution
		HideSolutionNode = FALSE
	EndGlobalSection
	GlobalSection(NestedProjects) = preSolution
		{C32FB2B4-500C-43CD-A099-EECCE079D3F1} = {3E03C507-908F-4DED-B769-4FF1CFFCC7DD}
		{5A98782E-7027-46F9-91E1-E1EDE1E14BF4} = {3E03C507-908F-4DED-B769-4FF1CFFCC7DD}
		{D1C528B6-AA02-4D29-9D61-DC08E317A70D} = {3E03C507-908F-4DED-B769-4FF1CFFCC7DD}
		{A57F9D62-1D00-4D1C-A5C3-BB3710EDD95B} = {3E03C507-908F-4DED-B769-4FF1CFFCC7DD}
		{BEA9AFE4-C925-4E0E-B50D-1F0E45B43D08} = {3E03C507-908F-4DED-B769-4FF1CFFCC7DD}
		{58542A51-BAF7-388C-931A-E80AB0E672B7} = {3E03C507-908F-4DED-B769-4FF1CFFCC7DD}
		{C474717F-F37A-4201-AE32-871219C77803} = {3E03C507-908F-4DED-B769-4FF1CFFCC7DD}
	EndGlobalSection
	GlobalSection(ExtensibilityGlobals) = postSolution
		SolutionGuid = {A7966580-7F69-4477-8FC0-0319C3B64017}
	EndGlobalSection
EndGlobal
